
Microsoft Visual Studio Solution File, Format Version 12.00
# Visual Studio Version 17
VisualStudioVersion = 17.10.35122.118
MinimumVisualStudioVersion = 10.0.40219.1
Project("{FAE04EC0-301F-11D3-BF4B-00C04F79EFBC}") = "ConsoleAppInheritenceDemo", "ConsoleAppInheritenceDemo\ConsoleAppInheritenceDemo.csproj", "{CC1FAF27-4E93-437E-BE84-ACCBCD731E7E}"
EndProject
Global
	GlobalSection(SolutionConfigurationPlatforms) = preSolution
		Debug|Any CPU = Debug|Any CPU
		Release|Any CPU = Release|Any CPU
	EndGlobalSection
	GlobalSection(ProjectConfigurationPlatforms) = postSolution
		{CC1FAF27-4E93-437E-BE84-ACCBCD731E7E}.Debug|Any CPU.ActiveCfg = Debug|Any CPU
		{CC1FAF27-4E93-437E-BE84-ACCBCD731E7E}.Debug|Any CPU.Build.0 = Debug|Any CPU
		{CC1FAF27-4E93-437E-BE84-ACCBCD731E7E}.Release|Any CPU.ActiveCfg = Release|Any CPU
		{CC1FAF27-4E93-437E-BE84-ACCBCD731E7E}.Release|Any CPU.Build.0 = Release|Any CPU
	EndGlobalSection
	GlobalSection(SolutionProperties) = preSolution
		HideSolutionNode = FALSE
	EndGlobalSection
	GlobalSection(ExtensibilityGlobals) = postSolution
		SolutionGuid = {30340CBB-85D2-4334-89B7-44FDCA3CC376}
	EndGlobalSection
EndGlobal
